// !$*UTF8*$!
{
	archiveVersion = 1;
	classes = {
	};
	objectVersion = 46;
	objects = {

/* Begin PBXBuildFile section */
		4C3BC2EF1F68635E00A51024 /* AppDelegate.swift in Sources */ = {isa = PBXBuildFile; fileRef = 4C3BC2EE1F68635E00A51024 /* AppDelegate.swift */; };
		4C3BC2F11F68635E00A51024 /* FirstViewController.swift in Sources */ = {isa = PBXBuildFile; fileRef = 4C3BC2F01F68635E00A51024 /* FirstViewController.swift */; };
		4C3BC2F31F68635E00A51024 /* SecondViewController.swift in Sources */ = {isa = PBXBuildFile; fileRef = 4C3BC2F21F68635E00A51024 /* SecondViewController.swift */; };
		4C3BC2F61F68635E00A51024 /* Main.storyboard in Resources */ = {isa = PBXBuildFile; fileRef = 4C3BC2F41F68635E00A51024 /* Main.storyboard */; };
		4C3BC2F81F68635E00A51024 /* Assets.xcassets in Resources */ = {isa = PBXBuildFile; fileRef = 4C3BC2F71F68635E00A51024 /* Assets.xcassets */; };
		4C3BC2FB1F68635E00A51024 /* LaunchScreen.storyboard in Resources */ = {isa = PBXBuildFile; fileRef = 4C3BC2F91F68635E00A51024 /* LaunchScreen.storyboard */; };
		4C3BC3061F68635F00A51024 /* MoneyTrackerTests.swift in Sources */ = {isa = PBXBuildFile; fileRef = 4C3BC3051F68635F00A51024 /* MoneyTrackerTests.swift */; };
		4C3BC3111F68635F00A51024 /* MoneyTrackerUITests.swift in Sources */ = {isa = PBXBuildFile; fileRef = 4C3BC3101F68635F00A51024 /* MoneyTrackerUITests.swift */; };
/* End PBXBuildFile section */

/* Begin PBXContainerItemProxy section */
		4C3BC3021F68635F00A51024 /* PBXContainerItemProxy */ = {
			isa = PBXContainerItemProxy;
			containerPortal = 4C3BC2E31F68635E00A51024 /* Project object */;
			proxyType = 1;
			remoteGlobalIDString = 4C3BC2EA1F68635E00A51024;
			remoteInfo = MoneyTracker;
		};
		4C3BC30D1F68635F00A51024 /* PBXContainerItemProxy */ = {
			isa = PBXContainerItemProxy;
			containerPortal = 4C3BC2E31F68635E00A51024 /* Project object */;
			proxyType = 1;
			remoteGlobalIDString = 4C3BC2EA1F68635E00A51024;
			remoteInfo = MoneyTracker;
		};
/* End PBXContainerItemProxy section */

/* Begin PBXFileReference section */
		4C3BC2EB1F68635E00A51024 /* MoneyTracker.app */ = {isa = PBXFileReference; explicitFileType = wrapper.application; includeInIndex = 0; path = MoneyTracker.app; sourceTree = BUILT_PRODUCTS_DIR; };
		4C3BC2EE1F68635E00A51024 /* AppDelegate.swift */ = {isa = PBXFileReference; lastKnownFileType = sourcecode.swift; path = AppDelegate.swift; sourceTree = "<group>"; };
		4C3BC2F01F68635E00A51024 /* FirstViewController.swift */ = {isa = PBXFileReference; lastKnownFileType = sourcecode.swift; path = FirstViewController.swift; sourceTree = "<group>"; };
		4C3BC2F21F68635E00A51024 /* SecondViewController.swift */ = {isa = PBXFileReference; lastKnownFileType = sourcecode.swift; path = SecondViewController.swift; sourceTree = "<group>"; };
		4C3BC2F51F68635E00A51024 /* Base */ = {isa = PBXFileReference; lastKnownFileType = file.storyboard; name = Base; path = Base.lproj/Main.storyboard; sourceTree = "<group>"; };
		4C3BC2F71F68635E00A51024 /* Assets.xcassets */ = {isa = PBXFileReference; lastKnownFileType = folder.assetcatalog; path = Assets.xcassets; sourceTree = "<group>"; };
		4C3BC2FA1F68635E00A51024 /* Base */ = {isa = PBXFileReference; lastKnownFileType = file.storyboard; name = Base; path = Base.lproj/LaunchScreen.storyboard; sourceTree = "<group>"; };
		4C3BC2FC1F68635E00A51024 /* Info.plist */ = {isa = PBXFileReference; lastKnownFileType = text.plist.xml; path = Info.plist; sourceTree = "<group>"; };
		4C3BC3011F68635F00A51024 /* MoneyTrackerTests.xctest */ = {isa = PBXFileReference; explicitFileType = wrapper.cfbundle; includeInIndex = 0; path = MoneyTrackerTests.xctest; sourceTree = BUILT_PRODUCTS_DIR; };
		4C3BC3051F68635F00A51024 /* MoneyTrackerTests.swift */ = {isa = PBXFileReference; lastKnownFileType = sourcecode.swift; path = MoneyTrackerTests.swift; sourceTree = "<group>"; };
		4C3BC3071F68635F00A51024 /* Info.plist */ = {isa = PBXFileReference; lastKnownFileType = text.plist.xml; path = Info.plist; sourceTree = "<group>"; };
		4C3BC30C1F68635F00A51024 /* MoneyTrackerUITests.xctest */ = {isa = PBXFileReference; explicitFileType = wrapper.cfbundle; includeInIndex = 0; path = MoneyTrackerUITests.xctest; sourceTree = BUILT_PRODUCTS_DIR; };
		4C3BC3101F68635F00A51024 /* MoneyTrackerUITests.swift */ = {isa = PBXFileReference; lastKnownFileType = sourcecode.swift; path = MoneyTrackerUITests.swift; sourceTree = "<group>"; };
		4C3BC3121F68635F00A51024 /* Info.plist */ = {isa = PBXFileReference; lastKnownFileType = text.plist.xml; path = Info.plist; sourceTree = "<group>"; };
/* End PBXFileReference section */

/* Begin PBXFrameworksBuildPhase section */
		4C3BC2E81F68635E00A51024 /* Frameworks */ = {
			isa = PBXFrameworksBuildPhase;
			buildActionMask = 2147483647;
			files = (
			);
			runOnlyForDeploymentPostprocessing = 0;
		};
		4C3BC2FE1F68635F00A51024 /* Frameworks */ = {
			isa = PBXFrameworksBuildPhase;
			buildActionMask = 2147483647;
			files = (
			);
			runOnlyForDeploymentPostprocessing = 0;
		};
		4C3BC3091F68635F00A51024 /* Frameworks */ = {
			isa = PBXFrameworksBuildPhase;
			buildActionMask = 2147483647;
			files = (
			);
			runOnlyForDeploymentPostprocessing = 0;
		};
/* End PBXFrameworksBuildPhase section */

/* Begin PBXGroup section */
		4C3BC2E21F68635E00A51024 = {
			isa = PBXGroup;
			children = (
				4C3BC2ED1F68635E00A51024 /* MoneyTracker */,
				4C3BC3041F68635F00A51024 /* MoneyTrackerTests */,
				4C3BC30F1F68635F00A51024 /* MoneyTrackerUITests */,
				4C3BC2EC1F68635E00A51024 /* Products */,
			);
			sourceTree = "<group>";
		};
		4C3BC2EC1F68635E00A51024 /* Products */ = {
			isa = PBXGroup;
			children = (
				4C3BC2EB1F68635E00A51024 /* MoneyTracker.app */,
				4C3BC3011F68635F00A51024 /* MoneyTrackerTests.xctest */,
				4C3BC30C1F68635F00A51024 /* MoneyTrackerUITests.xctest */,
			);
			name = Products;
			sourceTree = "<group>";
		};
		4C3BC2ED1F68635E00A51024 /* MoneyTracker */ = {
			isa = PBXGroup;
			children = (
				4C3BC2EE1F68635E00A51024 /* AppDelegate.swift */,
				4C3BC2F01F68635E00A51024 /* FirstViewController.swift */,
				4C3BC2F21F68635E00A51024 /* SecondViewController.swift */,
				4C3BC2F41F68635E00A51024 /* Main.storyboard */,
				4C3BC2F71F68635E00A51024 /* Assets.xcassets */,
				4C3BC2F91F68635E00A51024 /* LaunchScreen.storyboard */,
				4C3BC2FC1F68635E00A51024 /* Info.plist */,
			);
			path = MoneyTracker;
			sourceTree = "<group>";
		};
		4C3BC3041F68635F00A51024 /* MoneyTrackerTests */ = {
			isa = PBXGroup;
			children = (
				4C3BC3051F68635F00A51024 /* MoneyTrackerTests.swift */,
				4C3BC3071F68635F00A51024 /* Info.plist */,
			);
			path = MoneyTrackerTests;
			sourceTree = "<group>";
		};
		4C3BC30F1F68635F00A51024 /* MoneyTrackerUITests */ = {
			isa = PBXGroup;
			children = (
				4C3BC3101F68635F00A51024 /* MoneyTrackerUITests.swift */,
				4C3BC3121F68635F00A51024 /* Info.plist */,
			);
			path = MoneyTrackerUITests;
			sourceTree = "<group>";
		};
/* End PBXGroup section */

/* Begin PBXNativeTarget section */
		4C3BC2EA1F68635E00A51024 /* MoneyTracker */ = {
			isa = PBXNativeTarget;
			buildConfigurationList = 4C3BC3151F68635F00A51024 /* Build configuration list for PBXNativeTarget "MoneyTracker" */;
			buildPhases = (
				4C3BC2E71F68635E00A51024 /* Sources */,
				4C3BC2E81F68635E00A51024 /* Frameworks */,
				4C3BC2E91F68635E00A51024 /* Resources */,
			);
			buildRules = (
			);
			dependencies = (
			);
			name = MoneyTracker;
			productName = MoneyTracker;
			productReference = 4C3BC2EB1F68635E00A51024 /* MoneyTracker.app */;
			productType = "com.apple.product-type.application";
		};
		4C3BC3001F68635F00A51024 /* MoneyTrackerTests */ = {
			isa = PBXNativeTarget;
			buildConfigurationList = 4C3BC3181F68635F00A51024 /* Build configuration list for PBXNativeTarget "MoneyTrackerTests" */;
			buildPhases = (
				4C3BC2FD1F68635F00A51024 /* Sources */,
				4C3BC2FE1F68635F00A51024 /* Frameworks */,
				4C3BC2FF1F68635F00A51024 /* Resources */,
			);
			buildRules = (
			);
			dependencies = (
				4C3BC3031F68635F00A51024 /* PBXTargetDependency */,
			);
			name = MoneyTrackerTests;
			productName = MoneyTrackerTests;
			productReference = 4C3BC3011F68635F00A51024 /* MoneyTrackerTests.xctest */;
			productType = "com.apple.product-type.bundle.unit-test";
		};
		4C3BC30B1F68635F00A51024 /* MoneyTrackerUITests */ = {
			isa = PBXNativeTarget;
			buildConfigurationList = 4C3BC31B1F68635F00A51024 /* Build configuration list for PBXNativeTarget "MoneyTrackerUITests" */;
			buildPhases = (
				4C3BC3081F68635F00A51024 /* Sources */,
				4C3BC3091F68635F00A51024 /* Frameworks */,
				4C3BC30A1F68635F00A51024 /* Resources */,
			);
			buildRules = (
			);
			dependencies = (
				4C3BC30E1F68635F00A51024 /* PBXTargetDependency */,
			);
			name = MoneyTrackerUITests;
			productName = MoneyTrackerUITests;
			productReference = 4C3BC30C1F68635F00A51024 /* MoneyTrackerUITests.xctest */;
			productType = "com.apple.product-type.bundle.ui-testing";
		};
/* End PBXNativeTarget section */

/* Begin PBXProject section */
		4C3BC2E31F68635E00A51024 /* Project object */ = {
			isa = PBXProject;
			attributes = {
				LastSwiftUpdateCheck = 0830;
				LastUpgradeCheck = 0830;
				ORGANIZATIONNAME = "Anastasia Kinelska";
				TargetAttributes = {
					4C3BC2EA1F68635E00A51024 = {
						CreatedOnToolsVersion = 8.3.3;
						DevelopmentTeam = DDU2C8S6VR;
						ProvisioningStyle = Automatic;
					};
					4C3BC3001F68635F00A51024 = {
						CreatedOnToolsVersion = 8.3.3;
						DevelopmentTeam = DDU2C8S6VR;
						ProvisioningStyle = Automatic;
						TestTargetID = 4C3BC2EA1F68635E00A51024;
					};
					4C3BC30B1F68635F00A51024 = {
						CreatedOnToolsVersion = 8.3.3;
						DevelopmentTeam = DDU2C8S6VR;
						ProvisioningStyle = Automatic;
						TestTargetID = 4C3BC2EA1F68635E00A51024;
					};
				};
			};
			buildConfigurationList = 4C3BC2E61F68635E00A51024 /* Build configuration list for PBXProject "MoneyTracker" */;
			compatibilityVersion = "Xcode 3.2";
			developmentRegion = English;
			hasScannedForEncodings = 0;
			knownRegions = (
				en,
				Base,
			);
			mainGroup = 4C3BC2E21F68635E00A51024;
			productRefGroup = 4C3BC2EC1F68635E00A51024 /* Products */;
			projectDirPath = "";
			projectRoot = "";
			targets = (
				4C3BC2EA1F68635E00A51024 /* MoneyTracker */,
				4C3BC3001F68635F00A51024 /* MoneyTrackerTests */,
				4C3BC30B1F68635F00A51024 /* MoneyTrackerUITests */,
			);
		};
/* End PBXProject section */

/* Begin PBXResourcesBuildPhase section */
		4C3BC2E91F68635E00A51024 /* Resources */ = {
			isa = PBXResourcesBuildPhase;
			buildActionMask = 2147483647;
			files = (
				4C3BC2FB1F68635E00A51024 /* LaunchScreen.storyboard in Resources */,
				4C3BC2F81F68635E00A51024 /* Assets.xcassets in Resources */,
				4C3BC2F61F68635E00A51024 /* Main.storyboard in Resources */,
			);
			runOnlyForDeploymentPostprocessing = 0;
		};
		4C3BC2FF1F68635F00A51024 /* Resources */ = {
			isa = PBXResourcesBuildPhase;
			buildActionMask = 2147483647;
			files = (
			);
			runOnlyForDeploymentPostprocessing = 0;
		};
		4C3BC30A1F68635F00A51024 /* Resources */ = {
			isa = PBXResourcesBuildPhase;
			buildActionMask = 2147483647;
			files = (
			);
			runOnlyForDeploymentPostprocessing = 0;
		};
/* End PBXResourcesBuildPhase section */

/* Begin PBXSourcesBuildPhase section */
		4C3BC2E71F68635E00A51024 /* Sources */ = {
			isa = PBXSourcesBuildPhase;
			buildActionMask = 2147483647;
			files = (
				4C3BC2F31F68635E00A51024 /* SecondViewController.swift in Sources */,
				4C3BC2EF1F68635E00A51024 /* AppDelegate.swift in Sources */,
				4C3BC2F11F68635E00A51024 /* FirstViewController.swift in Sources */,
			);
			runOnlyForDeploymentPostprocessing = 0;
		};
		4C3BC2FD1F68635F00A51024 /* Sources */ = {
			isa = PBXSourcesBuildPhase;
			buildActionMask = 2147483647;
			files = (
				4C3BC3061F68635F00A51024 /* MoneyTrackerTests.swift in Sources */,
			);
			runOnlyForDeploymentPostprocessing = 0;
		};
		4C3BC3081F68635F00A51024 /* Sources */ = {
			isa = PBXSourcesBuildPhase;
			buildActionMask = 2147483647;
			files = (
				4C3BC3111F68635F00A51024 /* MoneyTrackerUITests.swift in Sources */,
			);
			runOnlyForDeploymentPostprocessing = 0;
		};
/* End PBXSourcesBuildPhase section */

/* Begin PBXTargetDependency section */
		4C3BC3031F68635F00A51024 /* PBXTargetDependency */ = {
			isa = PBXTargetDependency;
			target = 4C3BC2EA1F68635E00A51024 /* MoneyTracker */;
			targetProxy = 4C3BC3021F68635F00A51024 /* PBXContainerItemProxy */;
		};
		4C3BC30E1F68635F00A51024 /* PBXTargetDependency */ = {
			isa = PBXTargetDependency;
			target = 4C3BC2EA1F68635E00A51024 /* MoneyTracker */;
			targetProxy = 4C3BC30D1F68635F00A51024 /* PBXContainerItemProxy */;
		};
/* End PBXTargetDependency section */

/* Begin PBXVariantGroup section */
		4C3BC2F41F68635E00A51024 /* Main.storyboard */ = {
			isa = PBXVariantGroup;
			children = (
				4C3BC2F51F68635E00A51024 /* Base */,
			);
			name = Main.storyboard;
			sourceTree = "<group>";
		};
		4C3BC2F91F68635E00A51024 /* LaunchScreen.storyboard */ = {
			isa = PBXVariantGroup;
			children = (
				4C3BC2FA1F68635E00A51024 /* Base */,
			);
			name = LaunchScreen.storyboard;
			sourceTree = "<group>";
		};
/* End PBXVariantGroup section */

/* Begin XCBuildConfiguration section */
		4C3BC3131F68635F00A51024 /* Debug */ = {
			isa = XCBuildConfiguration;
			buildSettings = {
				ALWAYS_SEARCH_USER_PATHS = NO;
				CLANG_ANALYZER_NONNULL = YES;
				CLANG_ANALYZER_NUMBER_OBJECT_CONVERSION = YES_AGGRESSIVE;
				CLANG_CXX_LANGUAGE_STANDARD = "gnu++0x";
				CLANG_CXX_LIBRARY = "libc++";
				CLANG_ENABLE_MODULES = YES;
				CLANG_ENABLE_OBJC_ARC = YES;
				CLANG_WARN_BOOL_CONVERSION = YES;
				CLANG_WARN_CONSTANT_CONVERSION = YES;
				CLANG_WARN_DIRECT_OBJC_ISA_USAGE = YES_ERROR;
				CLANG_WARN_DOCUMENTATION_COMMENTS = YES;
				CLANG_WARN_EMPTY_BODY = YES;
				CLANG_WARN_ENUM_CONVERSION = YES;
				CLANG_WARN_INFINITE_RECURSION = YES;
				CLANG_WARN_INT_CONVERSION = YES;
				CLANG_WARN_OBJC_ROOT_CLASS = YES_ERROR;
				CLANG_WARN_SUSPICIOUS_MOVE = YES;
				CLANG_WARN_UNREACHABLE_CODE = YES;
				CLANG_WARN__DUPLICATE_METHOD_MATCH = YES;
				"CODE_SIGN_IDENTITY[sdk=iphoneos*]" = "iPhone Developer";
				COPY_PHASE_STRIP = NO;
				DEBUG_INFORMATION_FORMAT = dwarf;
				ENABLE_STRICT_OBJC_MSGSEND = YES;
				ENABLE_TESTABILITY = YES;
				GCC_C_LANGUAGE_STANDARD = gnu99;
				GCC_DYNAMIC_NO_PIC = NO;
				GCC_NO_COMMON_BLOCKS = YES;
				GCC_OPTIMIZATION_LEVEL = 0;
				GCC_PREPROCESSOR_DEFINITIONS = (
					"DEBUG=1",
					"$(inherited)",
				);
				GCC_WARN_64_TO_32_BIT_CONVERSION = YES;
				GCC_WARN_ABOUT_RETURN_TYPE = YES_ERROR;
				GCC_WARN_UNDECLARED_SELECTOR = YES;
				GCC_WARN_UNINITIALIZED_AUTOS = YES_AGGRESSIVE;
				GCC_WARN_UNUSED_FUNCTION = YES;
				GCC_WARN_UNUSED_VARIABLE = YES;
				IPHONEOS_DEPLOYMENT_TARGET = 10.3;
				MTL_ENABLE_DEBUG_INFO = YES;
				ONLY_ACTIVE_ARCH = YES;
				SDKROOT = iphoneos;
				SWIFT_ACTIVE_COMPILATION_CONDITIONS = DEBUG;
				SWIFT_OPTIMIZATION_LEVEL = "-Onone";
				TARGETED_DEVICE_FAMILY = "1,2";
			};
			name = Debug;
		};
		4C3BC3141F68635F00A51024 /* Release */ = {
			isa = XCBuildConfiguration;
			buildSettings = {
				ALWAYS_SEARCH_USER_PATHS = NO;
				CLANG_ANALYZER_NONNULL = YES;
				CLANG_ANALYZER_NUMBER_OBJECT_CONVERSION = YES_AGGRESSIVE;
				CLANG_CXX_LANGUAGE_STANDARD = "gnu++0x";
				CLANG_CXX_LIBRARY = "libc++";
				CLANG_ENABLE_MODULES = YES;
				CLANG_ENABLE_OBJC_ARC = YES;
				CLANG_WARN_BOOL_CONVERSION = YES;
				CLANG_WARN_CONSTANT_CONVERSION = YES;
				CLANG_WARN_DIRECT_OBJC_ISA_USAGE = YES_ERROR;
				CLANG_WARN_DOCUMENTATION_COMMENTS = YES;
				CLANG_WARN_EMPTY_BODY = YES;
				CLANG_WARN_ENUM_CONVERSION = YES;
				CLANG_WARN_INFINITE_RECURSION = YES;
				CLANG_WARN_INT_CONVERSION = YES;
				CLANG_WARN_OBJC_ROOT_CLASS = YES_ERROR;
				CLANG_WARN_SUSPICIOUS_MOVE = YES;
				CLANG_WARN_UNREACHABLE_CODE = YES;
				CLANG_WARN__DUPLICATE_METHOD_MATCH = YES;
				"CODE_SIGN_IDENTITY[sdk=iphoneos*]" = "iPhone Developer";
				COPY_PHASE_STRIP = NO;
				DEBUG_INFORMATION_FORMAT = "dwarf-with-dsym";
				ENABLE_NS_ASSERTIONS = NO;
				ENABLE_STRICT_OBJC_MSGSEND = YES;
				GCC_C_LANGUAGE_STANDARD = gnu99;
				GCC_NO_COMMON_BLOCKS = YES;
				GCC_WARN_64_TO_32_BIT_CONVERSION = YES;
				GCC_WARN_ABOUT_RETURN_TYPE = YES_ERROR;
				GCC_WARN_UNDECLARED_SELECTOR = YES;
				GCC_WARN_UNINITIALIZED_AUTOS = YES_AGGRESSIVE;
				GCC_WARN_UNUSED_FUNCTION = YES;
				GCC_WARN_UNUSED_VARIABLE = YES;
				IPHONEOS_DEPLOYMENT_TARGET = 10.3;
				MTL_ENABLE_DEBUG_INFO = NO;
				SDKROOT = iphoneos;
				SWIFT_OPTIMIZATION_LEVEL = "-Owholemodule";
				TARGETED_DEVICE_FAMILY = "1,2";
				VALIDATE_PRODUCT = YES;
			};
			name = Release;
		};
		4C3BC3161F68635F00A51024 /* Debug */ = {
			isa = XCBuildConfiguration;
			buildSettings = {
				ASSETCATALOG_COMPILER_APPICON_NAME = AppIcon;
				DEVELOPMENT_TEAM = DDU2C8S6VR;
				INFOPLIST_FILE = MoneyTracker/Info.plist;
				LD_RUNPATH_SEARCH_PATHS = "$(inherited) @executable_path/Frameworks";
				PRODUCT_BUNDLE_IDENTIFIER = anastasiia.kinelska.MoneyTracker;
				PRODUCT_NAME = "$(TARGET_NAME)";
				SWIFT_VERSION = 3.0;
			};
			name = Debug;
		};
		4C3BC3171F68635F00A51024 /* Release */ = {
			isa = XCBuildConfiguration;
			buildSettings = {
				ASSETCATALOG_COMPILER_APPICON_NAME = AppIcon;
				DEVELOPMENT_TEAM = DDU2C8S6VR;
				INFOPLIST_FILE = MoneyTracker/Info.plist;
				LD_RUNPATH_SEARCH_PATHS = "$(inherited) @executable_path/Frameworks";
				PRODUCT_BUNDLE_IDENTIFIER = anastasiia.kinelska.MoneyTracker;
				PRODUCT_NAME = "$(TARGET_NAME)";
				SWIFT_VERSION = 3.0;
			};
			name = Release;
		};
		4C3BC3191F68635F00A51024 /* Debug */ = {
			isa = XCBuildConfiguration;
			buildSettings = {
				ALWAYS_EMBED_SWIFT_STANDARD_LIBRARIES = YES;
				BUNDLE_LOADER = "$(TEST_HOST)";
				DEVELOPMENT_TEAM = DDU2C8S6VR;
				INFOPLIST_FILE = MoneyTrackerTests/Info.plist;
				LD_RUNPATH_SEARCH_PATHS = "$(inherited) @executable_path/Frameworks @loader_path/Frameworks";
				PRODUCT_BUNDLE_IDENTIFIER = anastasiia.kinelska.MoneyTrackerTests;
				PRODUCT_NAME = "$(TARGET_NAME)";
				SWIFT_VERSION = 3.0;
				TEST_HOST = "$(BUILT_PRODUCTS_DIR)/MoneyTracker.app/MoneyTracker";
			};
			name = Debug;
		};
		4C3BC31A1F68635F00A51024 /* Release */ = {
			isa = XCBuildConfiguration;
			buildSettings = {
				ALWAYS_EMBED_SWIFT_STANDARD_LIBRARIES = YES;
				BUNDLE_LOADER = "$(TEST_HOST)";
				DEVELOPMENT_TEAM = DDU2C8S6VR;
				INFOPLIST_FILE = MoneyTrackerTests/Info.plist;
				LD_RUNPATH_SEARCH_PATHS = "$(inherited) @executable_path/Frameworks @loader_path/Frameworks";
				PRODUCT_BUNDLE_IDENTIFIER = anastasiia.kinelska.MoneyTrackerTests;
				PRODUCT_NAME = "$(TARGET_NAME)";
				SWIFT_VERSION = 3.0;
				TEST_HOST = "$(BUILT_PRODUCTS_DIR)/MoneyTracker.app/MoneyTracker";
			};
			name = Release;
		};
		4C3BC31C1F68635F00A51024 /* Debug */ = {
			isa = XCBuildConfiguration;
			buildSettings = {
				ALWAYS_EMBED_SWIFT_STANDARD_LIBRARIES = YES;
				DEVELOPMENT_TEAM = DDU2C8S6VR;
				INFOPLIST_FILE = MoneyTrackerUITests/Info.plist;
				LD_RUNPATH_SEARCH_PATHS = "$(inherited) @executable_path/Frameworks @loader_path/Frameworks";
				PRODUCT_BUNDLE_IDENTIFIER = anastasiia.kinelska.MoneyTrackerUITests;
				PRODUCT_NAME = "$(TARGET_NAME)";
				SWIFT_VERSION = 3.0;
				TEST_TARGET_NAME = MoneyTracker;
			};
			name = Debug;
		};
		4C3BC31D1F68635F00A51024 /* Release */ = {
			isa = XCBuildConfiguration;
			buildSettings = {
				ALWAYS_EMBED_SWIFT_STANDARD_LIBRARIES = YES;
				DEVELOPMENT_TEAM = DDU2C8S6VR;
				INFOPLIST_FILE = MoneyTrackerUITests/Info.plist;
				LD_RUNPATH_SEARCH_PATHS = "$(inherited) @executable_path/Frameworks @loader_path/Frameworks";
				PRODUCT_BUNDLE_IDENTIFIER = anastasiia.kinelska.MoneyTrackerUITests;
				PRODUCT_NAME = "$(TARGET_NAME)";
				SWIFT_VERSION = 3.0;
				TEST_TARGET_NAME = MoneyTracker;
			};
			name = Release;
		};
/* End XCBuildConfiguration section */

/* Begin XCConfigurationList section */
		4C3BC2E61F68635E00A51024 /* Build configuration list for PBXProject "MoneyTracker" */ = {
			isa = XCConfigurationList;
			buildConfigurations = (
				4C3BC3131F68635F00A51024 /* Debug */,
				4C3BC3141F68635F00A51024 /* Release */,
			);
			defaultConfigurationIsVisible = 0;
			defaultConfigurationName = Release;
		};
		4C3BC3151F68635F00A51024 /* Build configuration list for PBXNativeTarget "MoneyTracker" */ = {
			isa = XCConfigurationList;
			buildConfigurations = (
				4C3BC3161F68635F00A51024 /* Debug */,
				4C3BC3171F68635F00A51024 /* Release */,
			);
			defaultConfigurationIsVisible = 0;
		};
		4C3BC3181F68635F00A51024 /* Build configuration list for PBXNativeTarget "MoneyTrackerTests" */ = {
			isa = XCConfigurationList;
			buildConfigurations = (
				4C3BC3191F68635F00A51024 /* Debug */,
				4C3BC31A1F68635F00A51024 /* Release */,
			);
			defaultConfigurationIsVisible = 0;
		};
		4C3BC31B1F68635F00A51024 /* Build configuration list for PBXNativeTarget "MoneyTrackerUITests" */ = {
			isa = XCConfigurationList;
			buildConfigurations = (
				4C3BC31C1F68635F00A51024 /* Debug */,
				4C3BC31D1F68635F00A51024 /* Release */,
			);
			defaultConfigurationIsVisible = 0;
		};
/* End XCConfigurationList section */
	};
	rootObject = 4C3BC2E31F68635E00A51024 /* Project object */;
}
